
Microsoft Visual Studio Solution File, Format Version 12.00
# Visual Studio 2013
VisualStudioVersion = 12.0.31101.0
MinimumVisualStudioVersion = 10.0.40219.1
Project("{FAE04EC0-301F-11D3-BF4B-00C04F79EFBC}") = "Web", "Web\Web.csproj", "{EE31966A-8AB0-462E-B768-23A11C9AC40F}"
EndProject
Project("{FAE04EC0-301F-11D3-BF4B-00C04F79EFBC}") = "Web.Tests", "Web.Tests\Web.Tests.csproj", "{32E5A382-E046-44DB-AE0E-DE25CFA87AAE}"
EndProject
Global
	GlobalSection(SolutionConfigurationPlatforms) = preSolution
		Debug|Any CPU = Debug|Any CPU
		Release|Any CPU = Release|Any CPU
	EndGlobalSection
	GlobalSection(ProjectConfigurationPlatforms) = postSolution
		{EE31966A-8AB0-462E-B768-23A11C9AC40F}.Debug|Any CPU.ActiveCfg = Debug|Any CPU
		{EE31966A-8AB0-462E-B768-23A11C9AC40F}.Debug|Any CPU.Build.0 = Debug|Any CPU
		{EE31966A-8AB0-462E-B768-23A11C9AC40F}.Release|Any CPU.ActiveCfg = Release|Any CPU
		{EE31966A-8AB0-462E-B768-23A11C9AC40F}.Release|Any CPU.Build.0 = Release|Any CPU
		{32E5A382-E046-44DB-AE0E-DE25CFA87AAE}.Debug|Any CPU.ActiveCfg = Debug|Any CPU
		{32E5A382-E046-44DB-AE0E-DE25CFA87AAE}.Debug|Any CPU.Build.0 = Debug|Any CPU
		{32E5A382-E046-44DB-AE0E-DE25CFA87AAE}.Release|Any CPU.ActiveCfg = Release|Any CPU
		{32E5A382-E046-44DB-AE0E-DE25CFA87AAE}.Release|Any CPU.Build.0 = Release|Any CPU
	EndGlobalSection
	GlobalSection(SolutionProperties) = preSolution
		HideSolutionNode = FALSE
	EndGlobalSection
EndGlobal
